
Microsoft Visual Studio Solution File, Format Version 12.00
# Visual Studio Version 16
VisualStudioVersion = 16.0.29920.165
MinimumVisualStudioVersion = 10.0.40219.1
Project("{FAE04EC0-301F-11D3-BF4B-00C04F79EFBC}") = "FerumChecker.DataAccess", "FerumChecker.DataAccess\FerumChecker.DataAccess.csproj", "{501EC3C7-6075-4A99-A091-D7E265E879E4}"
EndProject
Global
	GlobalSection(SolutionConfigurationPlatforms) = preSolution
		Debug|Any CPU = Debug|Any CPU
		Release|Any CPU = Release|Any CPU
	EndGlobalSection
	GlobalSection(ProjectConfigurationPlatforms) = postSolution
		{501EC3C7-6075-4A99-A091-D7E265E879E4}.Debug|Any CPU.ActiveCfg = Debug|Any CPU
		{501EC3C7-6075-4A99-A091-D7E265E879E4}.Debug|Any CPU.Build.0 = Debug|Any CPU
		{501EC3C7-6075-4A99-A091-D7E265E879E4}.Release|Any CPU.ActiveCfg = Release|Any CPU
		{501EC3C7-6075-4A99-A091-D7E265E879E4}.Release|Any CPU.Build.0 = Release|Any CPU
	EndGlobalSection
	GlobalSection(SolutionProperties) = preSolution
		HideSolutionNode = FALSE
	EndGlobalSection
	GlobalSection(ExtensibilityGlobals) = postSolution
		SolutionGuid = {F7FEA34D-AB8B-47AC-A2A6-112DE0FF685E}
	EndGlobalSection
EndGlobal
